
Microsoft Visual Studio Solution File, Format Version 12.00
# Visual Studio 15
Project("{FAE04EC0-301F-11D3-BF4B-00C04F79EFBC}") = "Assembly-CSharp-firstpass", "Assembly-CSharp-firstpass.csproj", "{84665E4C-DB77-EE42-8300-63C46FB221EE}"
EndProject
Project("{FAE04EC0-301F-11D3-BF4B-00C04F79EFBC}") = "Assembly-CSharp", "Assembly-CSharp.csproj", "{9DF24E80-E176-EED5-469C-EBBCE6F85F08}"
EndProject
Global
	GlobalSection(SolutionConfigurationPlatforms) = preSolution
		Debug|Any CPU = Debug|Any CPU
		Release|Any CPU = Release|Any CPU
	EndGlobalSection
	GlobalSection(ProjectConfigurationPlatforms) = postSolution
		{84665E4C-DB77-EE42-8300-63C46FB221EE}.Debug|Any CPU.ActiveCfg = Debug|Any CPU
		{84665E4C-DB77-EE42-8300-63C46FB221EE}.Debug|Any CPU.Build.0 = Debug|Any CPU
		{84665E4C-DB77-EE42-8300-63C46FB221EE}.Release|Any CPU.ActiveCfg = Release|Any CPU
		{84665E4C-DB77-EE42-8300-63C46FB221EE}.Release|Any CPU.Build.0 = Release|Any CPU
		{9DF24E80-E176-EED5-469C-EBBCE6F85F08}.Debug|Any CPU.ActiveCfg = Debug|Any CPU
		{9DF24E80-E176-EED5-469C-EBBCE6F85F08}.Debug|Any CPU.Build.0 = Debug|Any CPU
		{9DF24E80-E176-EED5-469C-EBBCE6F85F08}.Release|Any CPU.ActiveCfg = Release|Any CPU
		{9DF24E80-E176-EED5-469C-EBBCE6F85F08}.Release|Any CPU.Build.0 = Release|Any CPU
	EndGlobalSection
	GlobalSection(SolutionProperties) = preSolution
		HideSolutionNode = FALSE
	EndGlobalSection
	GlobalSection(MonoDevelopProperties) = preSolution
		StartupItem = Assembly-CSharp.csproj
	EndGlobalSection
EndGlobal
